# This file is automatically @generated by Cargo.
# It is not intended for manual editing.
version = 4

[[package]]
name = "api"
version = "0.1.0"

[[package]]
name = "appointment_service"
version = "0.1.0"

[[package]]
name = "auth_service"
version = "0.1.0"

[[package]]
name = "catalog_service"
version = "0.1.0"

[[package]]
name = "common"
version = "0.1.0"

[[package]]
name = "db"
version = "0.1.0"

[[package]]
name = "diagnosis_service"
version = "0.1.0"

[[package]]
name = "integration"
version = "0.1.0"

[[package]]
name = "notification_service"
version = "0.1.0"

[[package]]
name = "openapi"
version = "0.1.0"

[[package]]
name = "order_service"
version = "0.1.0"

[[package]]
name = "prescription_service"
version = "0.1.0"

[[package]]
name = "profile_service"
version = "0.1.0"

[[package]]
name = "shipping_service"
version = "0.1.0"
